
Microsoft Visual Studio Solution File, Format Version 12.00
# Visual Studio Version 17
VisualStudioVersion = 17.4.33205.214
MinimumVisualStudioVersion = 10.0.40219.1
Project("{FAE04EC0-301F-11D3-BF4B-00C04F79EFBC}") = "programmeerija_plus.Android", "programmeerija_plus.Android\programmeerija_plus.Android.csproj", "{4DD40368-F3DA-4BA8-A6D1-794F5238A50B}"
EndProject
Project("{FAE04EC0-301F-11D3-BF4B-00C04F79EFBC}") = "programmeerija_plus", "programmeerija_plus\programmeerija_plus.csproj", "{332357C0-C878-47E3-A293-DB00CA813661}"
EndProject
Global
	GlobalSection(SolutionConfigurationPlatforms) = preSolution
		Debug|Any CPU = Debug|Any CPU
		Release|Any CPU = Release|Any CPU
	EndGlobalSection
	GlobalSection(ProjectConfigurationPlatforms) = postSolution
		{4DD40368-F3DA-4BA8-A6D1-794F5238A50B}.Debug|Any CPU.ActiveCfg = Debug|Any CPU
		{4DD40368-F3DA-4BA8-A6D1-794F5238A50B}.Debug|Any CPU.Build.0 = Debug|Any CPU
		{4DD40368-F3DA-4BA8-A6D1-794F5238A50B}.Debug|Any CPU.Deploy.0 = Debug|Any CPU
		{4DD40368-F3DA-4BA8-A6D1-794F5238A50B}.Release|Any CPU.ActiveCfg = Release|Any CPU
		{4DD40368-F3DA-4BA8-A6D1-794F5238A50B}.Release|Any CPU.Build.0 = Release|Any CPU
		{4DD40368-F3DA-4BA8-A6D1-794F5238A50B}.Release|Any CPU.Deploy.0 = Release|Any CPU
		{332357C0-C878-47E3-A293-DB00CA813661}.Debug|Any CPU.ActiveCfg = Debug|Any CPU
		{332357C0-C878-47E3-A293-DB00CA813661}.Debug|Any CPU.Build.0 = Debug|Any CPU
		{332357C0-C878-47E3-A293-DB00CA813661}.Debug|Any CPU.Deploy.0 = Debug|Any CPU
		{332357C0-C878-47E3-A293-DB00CA813661}.Release|Any CPU.ActiveCfg = Release|Any CPU
		{332357C0-C878-47E3-A293-DB00CA813661}.Release|Any CPU.Build.0 = Release|Any CPU
		{332357C0-C878-47E3-A293-DB00CA813661}.Release|Any CPU.Deploy.0 = Release|Any CPU
	EndGlobalSection
	GlobalSection(SolutionProperties) = preSolution
		HideSolutionNode = FALSE
	EndGlobalSection
	GlobalSection(ExtensibilityGlobals) = postSolution
		SolutionGuid = {8ECCE3EB-CE7D-42E1-95F2-962622925F08}
	EndGlobalSection
EndGlobal
